
Microsoft Visual Studio Solution File, Format Version 12.00
# Visual Studio Version 17
VisualStudioVersion = 17.1.32210.238
MinimumVisualStudioVersion = 10.0.40219.1
Project("{9A19103F-16F7-4668-BE54-9A1E7A4F7556}") = "API", "API\API.csproj", "{47D86554-8D23-487F-9544-FF88C00A5BE7}"
EndProject
Project("{9A19103F-16F7-4668-BE54-9A1E7A4F7556}") = "IPCA", "IPCA\IPCA.csproj", "{54AB398D-9D4F-448D-9F5B-4CF140A4FB64}"
EndProject
Project("{9A19103F-16F7-4668-BE54-9A1E7A4F7556}") = "DAL", "DAL\DAL.csproj", "{BED525D0-2DD8-4CF5-BAA4-1F1A891D83C2}"
EndProject
Project("{9A19103F-16F7-4668-BE54-9A1E7A4F7556}") = "DB", "DB\DB.csproj", "{33BC27E4-42E5-48AF-BCA6-F9EE9E0BE114}"
EndProject
Project("{9A19103F-16F7-4668-BE54-9A1E7A4F7556}") = "Application", "Application\Application.csproj", "{7009DF44-FA36-4661-8296-809E40B3D78B}"
EndProject
Project("{FAE04EC0-301F-11D3-BF4B-00C04F79EFBC}") = "MQTT", "MQTT\MQTT.csproj", "{2308A3FC-D20C-40F5-AD4F-79F78C49F3A6}"
EndProject
Global
	GlobalSection(SolutionConfigurationPlatforms) = preSolution
		Debug|Any CPU = Debug|Any CPU
		Release|Any CPU = Release|Any CPU
	EndGlobalSection
	GlobalSection(ProjectConfigurationPlatforms) = postSolution
		{47D86554-8D23-487F-9544-FF88C00A5BE7}.Debug|Any CPU.ActiveCfg = Debug|Any CPU
		{47D86554-8D23-487F-9544-FF88C00A5BE7}.Debug|Any CPU.Build.0 = Debug|Any CPU
		{47D86554-8D23-487F-9544-FF88C00A5BE7}.Release|Any CPU.ActiveCfg = Release|Any CPU
		{47D86554-8D23-487F-9544-FF88C00A5BE7}.Release|Any CPU.Build.0 = Release|Any CPU
		{54AB398D-9D4F-448D-9F5B-4CF140A4FB64}.Debug|Any CPU.ActiveCfg = Debug|Any CPU
		{54AB398D-9D4F-448D-9F5B-4CF140A4FB64}.Debug|Any CPU.Build.0 = Debug|Any CPU
		{54AB398D-9D4F-448D-9F5B-4CF140A4FB64}.Release|Any CPU.ActiveCfg = Release|Any CPU
		{54AB398D-9D4F-448D-9F5B-4CF140A4FB64}.Release|Any CPU.Build.0 = Release|Any CPU
		{BED525D0-2DD8-4CF5-BAA4-1F1A891D83C2}.Debug|Any CPU.ActiveCfg = Debug|Any CPU
		{BED525D0-2DD8-4CF5-BAA4-1F1A891D83C2}.Debug|Any CPU.Build.0 = Debug|Any CPU
		{BED525D0-2DD8-4CF5-BAA4-1F1A891D83C2}.Release|Any CPU.ActiveCfg = Release|Any CPU
		{BED525D0-2DD8-4CF5-BAA4-1F1A891D83C2}.Release|Any CPU.Build.0 = Release|Any CPU
		{33BC27E4-42E5-48AF-BCA6-F9EE9E0BE114}.Debug|Any CPU.ActiveCfg = Debug|Any CPU
		{33BC27E4-42E5-48AF-BCA6-F9EE9E0BE114}.Debug|Any CPU.Build.0 = Debug|Any CPU
		{33BC27E4-42E5-48AF-BCA6-F9EE9E0BE114}.Release|Any CPU.ActiveCfg = Release|Any CPU
		{33BC27E4-42E5-48AF-BCA6-F9EE9E0BE114}.Release|Any CPU.Build.0 = Release|Any CPU
		{7009DF44-FA36-4661-8296-809E40B3D78B}.Debug|Any CPU.ActiveCfg = Debug|Any CPU
		{7009DF44-FA36-4661-8296-809E40B3D78B}.Debug|Any CPU.Build.0 = Debug|Any CPU
		{7009DF44-FA36-4661-8296-809E40B3D78B}.Release|Any CPU.ActiveCfg = Release|Any CPU
		{7009DF44-FA36-4661-8296-809E40B3D78B}.Release|Any CPU.Build.0 = Release|Any CPU
		{2308A3FC-D20C-40F5-AD4F-79F78C49F3A6}.Debug|Any CPU.ActiveCfg = Debug|Any CPU
		{2308A3FC-D20C-40F5-AD4F-79F78C49F3A6}.Debug|Any CPU.Build.0 = Debug|Any CPU
		{2308A3FC-D20C-40F5-AD4F-79F78C49F3A6}.Release|Any CPU.ActiveCfg = Release|Any CPU
		{2308A3FC-D20C-40F5-AD4F-79F78C49F3A6}.Release|Any CPU.Build.0 = Release|Any CPU
	EndGlobalSection
	GlobalSection(SolutionProperties) = preSolution
		HideSolutionNode = FALSE
	EndGlobalSection
	GlobalSection(ExtensibilityGlobals) = postSolution
		SolutionGuid = {C94D89B8-503C-46D4-9EFD-1FA1869305E7}
	EndGlobalSection
EndGlobal
